
Microsoft Visual Studio Solution File, Format Version 12.00
# Visual Studio 15
VisualStudioVersion = 15.0.26430.14
MinimumVisualStudioVersion = 10.0.40219.1
Project("{F2A71F9B-5D33-465A-A702-920D77279786}") = "Sunergeo", "Sunergeo\Sunergeo.fsproj", "{8140AFB6-A2A9-4866-BEF5-AFD7CD841FD7}"
EndProject
Project("{F2A71F9B-5D33-465A-A702-920D77279786}") = "FSharpResult", "..\FSharpResult\FSharpResult\FSharpResult.fsproj", "{D054483F-9820-45C2-B52C-DCE7894583B7}"
EndProject
Project("{F2A71F9B-5D33-465A-A702-920D77279786}") = "Sunergeo.Examples.Turtle", "Sunergeo.Examples.Turtle\Sunergeo.Examples.Turtle.fsproj", "{D99FB3DC-F1F1-43EB-92A8-71FE479DF25A}"
EndProject
Project("{F2A71F9B-5D33-465A-A702-920D77279786}") = "Sunergeo.Web", "Sunergeo.Web\Sunergeo.Web.fsproj", "{6BDA4A6F-5831-4F1B-ADBB-551F2AC0BB28}"
EndProject
Project("{F2A71F9B-5D33-465A-A702-920D77279786}") = "Sunergeo.Core", "Sunergeo.Core\Sunergeo.Core.fsproj", "{7A2EAD93-127D-4066-AF91-BF528097CEA9}"
EndProject
Project("{F2A71F9B-5D33-465A-A702-920D77279786}") = "Sunergeo.KeyValueStorage", "Sunergeo.KeyValueStorage\Sunergeo.KeyValueStorage.fsproj", "{1F5A780B-974C-4E53-B513-06C73770DB0F}"
EndProject
Project("{F2A71F9B-5D33-465A-A702-920D77279786}") = "Sunergeo.EventSourcing", "Sunergeo.EventSourcing\Sunergeo.EventSourcing.fsproj", "{BCA1C940-BD2E-4822-951E-16941F87DE95}"
EndProject
Project("{F2A71F9B-5D33-465A-A702-920D77279786}") = "Sunergeo.Projection", "Sunergeo.Projection\Sunergeo.Projection.fsproj", "{3A965557-1BF4-47BB-ACC3-C7F1125A8D6C}"
EndProject
Project("{F2A71F9B-5D33-465A-A702-920D77279786}") = "Sunergeo.Examples.Turtle.Host", "Sunergeo.Examples.Turtle.Host\Sunergeo.Examples.Turtle.Host.fsproj", "{D0E92611-5C05-4A02-B1DF-8B6A0E997110}"
EndProject
Project("{F2A71F9B-5D33-465A-A702-920D77279786}") = "Sunergeo.Projection.Default", "Sunergeo.Projection.Default\Sunergeo.Projection.Default.fsproj", "{BA07EB4A-88C2-4F62-ADDA-192F88A405C3}"
EndProject
Project("{FAE04EC0-301F-11D3-BF4B-00C04F79EFBC}") = "Sunergeo.AkkaSignalr.Consumer", "Sunergeo.AkkaSignalr.Consumer\Sunergeo.AkkaSignalr.Consumer.csproj", "{72014EE3-9761-4333-96A2-CAE649B2A8F5}"
EndProject
Global
	GlobalSection(SolutionConfigurationPlatforms) = preSolution
		Debug|Any CPU = Debug|Any CPU
		Release|Any CPU = Release|Any CPU
	EndGlobalSection
	GlobalSection(ProjectConfigurationPlatforms) = postSolution
		{8140AFB6-A2A9-4866-BEF5-AFD7CD841FD7}.Debug|Any CPU.ActiveCfg = Debug|Any CPU
		{8140AFB6-A2A9-4866-BEF5-AFD7CD841FD7}.Debug|Any CPU.Build.0 = Debug|Any CPU
		{8140AFB6-A2A9-4866-BEF5-AFD7CD841FD7}.Release|Any CPU.ActiveCfg = Release|Any CPU
		{8140AFB6-A2A9-4866-BEF5-AFD7CD841FD7}.Release|Any CPU.Build.0 = Release|Any CPU
		{D054483F-9820-45C2-B52C-DCE7894583B7}.Debug|Any CPU.ActiveCfg = Debug|Any CPU
		{D054483F-9820-45C2-B52C-DCE7894583B7}.Debug|Any CPU.Build.0 = Debug|Any CPU
		{D054483F-9820-45C2-B52C-DCE7894583B7}.Release|Any CPU.ActiveCfg = Release|Any CPU
		{D054483F-9820-45C2-B52C-DCE7894583B7}.Release|Any CPU.Build.0 = Release|Any CPU
		{D99FB3DC-F1F1-43EB-92A8-71FE479DF25A}.Debug|Any CPU.ActiveCfg = Debug|Any CPU
		{D99FB3DC-F1F1-43EB-92A8-71FE479DF25A}.Debug|Any CPU.Build.0 = Debug|Any CPU
		{D99FB3DC-F1F1-43EB-92A8-71FE479DF25A}.Release|Any CPU.ActiveCfg = Release|Any CPU
		{D99FB3DC-F1F1-43EB-92A8-71FE479DF25A}.Release|Any CPU.Build.0 = Release|Any CPU
		{6BDA4A6F-5831-4F1B-ADBB-551F2AC0BB28}.Debug|Any CPU.ActiveCfg = Debug|Any CPU
		{6BDA4A6F-5831-4F1B-ADBB-551F2AC0BB28}.Debug|Any CPU.Build.0 = Debug|Any CPU
		{6BDA4A6F-5831-4F1B-ADBB-551F2AC0BB28}.Release|Any CPU.ActiveCfg = Release|Any CPU
		{6BDA4A6F-5831-4F1B-ADBB-551F2AC0BB28}.Release|Any CPU.Build.0 = Release|Any CPU
		{7A2EAD93-127D-4066-AF91-BF528097CEA9}.Debug|Any CPU.ActiveCfg = Debug|Any CPU
		{7A2EAD93-127D-4066-AF91-BF528097CEA9}.Debug|Any CPU.Build.0 = Debug|Any CPU
		{7A2EAD93-127D-4066-AF91-BF528097CEA9}.Release|Any CPU.ActiveCfg = Release|Any CPU
		{7A2EAD93-127D-4066-AF91-BF528097CEA9}.Release|Any CPU.Build.0 = Release|Any CPU
		{1F5A780B-974C-4E53-B513-06C73770DB0F}.Debug|Any CPU.ActiveCfg = Debug|Any CPU
		{1F5A780B-974C-4E53-B513-06C73770DB0F}.Debug|Any CPU.Build.0 = Debug|Any CPU
		{1F5A780B-974C-4E53-B513-06C73770DB0F}.Release|Any CPU.ActiveCfg = Release|Any CPU
		{1F5A780B-974C-4E53-B513-06C73770DB0F}.Release|Any CPU.Build.0 = Release|Any CPU
		{BCA1C940-BD2E-4822-951E-16941F87DE95}.Debug|Any CPU.ActiveCfg = Debug|Any CPU
		{BCA1C940-BD2E-4822-951E-16941F87DE95}.Debug|Any CPU.Build.0 = Debug|Any CPU
		{BCA1C940-BD2E-4822-951E-16941F87DE95}.Release|Any CPU.ActiveCfg = Release|Any CPU
		{BCA1C940-BD2E-4822-951E-16941F87DE95}.Release|Any CPU.Build.0 = Release|Any CPU
		{3A965557-1BF4-47BB-ACC3-C7F1125A8D6C}.Debug|Any CPU.ActiveCfg = Debug|Any CPU
		{3A965557-1BF4-47BB-ACC3-C7F1125A8D6C}.Debug|Any CPU.Build.0 = Debug|Any CPU
		{3A965557-1BF4-47BB-ACC3-C7F1125A8D6C}.Release|Any CPU.ActiveCfg = Release|Any CPU
		{3A965557-1BF4-47BB-ACC3-C7F1125A8D6C}.Release|Any CPU.Build.0 = Release|Any CPU
		{D0E92611-5C05-4A02-B1DF-8B6A0E997110}.Debug|Any CPU.ActiveCfg = Debug|Any CPU
		{D0E92611-5C05-4A02-B1DF-8B6A0E997110}.Debug|Any CPU.Build.0 = Debug|Any CPU
		{D0E92611-5C05-4A02-B1DF-8B6A0E997110}.Release|Any CPU.ActiveCfg = Release|Any CPU
		{D0E92611-5C05-4A02-B1DF-8B6A0E997110}.Release|Any CPU.Build.0 = Release|Any CPU
		{BA07EB4A-88C2-4F62-ADDA-192F88A405C3}.Debug|Any CPU.ActiveCfg = Debug|Any CPU
		{BA07EB4A-88C2-4F62-ADDA-192F88A405C3}.Debug|Any CPU.Build.0 = Debug|Any CPU
		{BA07EB4A-88C2-4F62-ADDA-192F88A405C3}.Release|Any CPU.ActiveCfg = Release|Any CPU
		{BA07EB4A-88C2-4F62-ADDA-192F88A405C3}.Release|Any CPU.Build.0 = Release|Any CPU
		{72014EE3-9761-4333-96A2-CAE649B2A8F5}.Debug|Any CPU.ActiveCfg = Debug|Any CPU
		{72014EE3-9761-4333-96A2-CAE649B2A8F5}.Debug|Any CPU.Build.0 = Debug|Any CPU
		{72014EE3-9761-4333-96A2-CAE649B2A8F5}.Release|Any CPU.ActiveCfg = Release|Any CPU
		{72014EE3-9761-4333-96A2-CAE649B2A8F5}.Release|Any CPU.Build.0 = Release|Any CPU
	EndGlobalSection
	GlobalSection(SolutionProperties) = preSolution
		HideSolutionNode = FALSE
	EndGlobalSection
EndGlobal
